// !$*UTF8*$!
{
	archiveVersion = 1;
	classes = {
	};
	objectVersion = 56;
	objects = {

/* Begin PBXBuildFile section */
		2F1E6FBC2A30F193009805EE /* RickAndMortyApp.swift in Sources */ = {isa = PBXBuildFile; fileRef = 2F1E6FBB2A30F193009805EE /* RickAndMortyApp.swift */; };
		2F1E6FBE2A30F193009805EE /* ContentView.swift in Sources */ = {isa = PBXBuildFile; fileRef = 2F1E6FBD2A30F193009805EE /* ContentView.swift */; };
		2F1E6FC02A30F196009805EE /* Assets.xcassets in Resources */ = {isa = PBXBuildFile; fileRef = 2F1E6FBF2A30F196009805EE /* Assets.xcassets */; };
		2F1E6FC32A30F196009805EE /* Preview Assets.xcassets in Resources */ = {isa = PBXBuildFile; fileRef = 2F1E6FC22A30F196009805EE /* Preview Assets.xcassets */; };
		2F1E6FC52A30F196009805EE /* Persistence.swift in Sources */ = {isa = PBXBuildFile; fileRef = 2F1E6FC42A30F196009805EE /* Persistence.swift */; };
		2F1E6FC82A30F196009805EE /* RickAndMorty.xcdatamodeld in Sources */ = {isa = PBXBuildFile; fileRef = 2F1E6FC62A30F196009805EE /* RickAndMorty.xcdatamodeld */; };
		2F1E6FD22A30F196009805EE /* RickAndMortyTests.swift in Sources */ = {isa = PBXBuildFile; fileRef = 2F1E6FD12A30F196009805EE /* RickAndMortyTests.swift */; };
		2F1E6FDC2A30F196009805EE /* RickAndMortyUITests.swift in Sources */ = {isa = PBXBuildFile; fileRef = 2F1E6FDB2A30F196009805EE /* RickAndMortyUITests.swift */; };
		2F1E6FDE2A30F196009805EE /* RickAndMortyUITestsLaunchTests.swift in Sources */ = {isa = PBXBuildFile; fileRef = 2F1E6FDD2A30F196009805EE /* RickAndMortyUITestsLaunchTests.swift */; };
		2F1E6FEF2A30FB9C009805EE /* Endpoints.swift in Sources */ = {isa = PBXBuildFile; fileRef = 2F1E6FEE2A30FB9C009805EE /* Endpoints.swift */; };
		2F1E6FF12A31006F009805EE /* CharacterModels.swift in Sources */ = {isa = PBXBuildFile; fileRef = 2F1E6FF02A31006F009805EE /* CharacterModels.swift */; };
		2F1E6FF32A3100B8009805EE /* BaseModels.swift in Sources */ = {isa = PBXBuildFile; fileRef = 2F1E6FF22A3100B8009805EE /* BaseModels.swift */; };
		2F1E6FF52A31011E009805EE /* LocationModels.swift in Sources */ = {isa = PBXBuildFile; fileRef = 2F1E6FF42A31011E009805EE /* LocationModels.swift */; };
		2F1E6FF72A310229009805EE /* EpisodeModels.swift in Sources */ = {isa = PBXBuildFile; fileRef = 2F1E6FF62A310229009805EE /* EpisodeModels.swift */; };
		2F1E6FF92A31A1A3009805EE /* API.swift in Sources */ = {isa = PBXBuildFile; fileRef = 2F1E6FF82A31A1A3009805EE /* API.swift */; };
		2F1E6FFB2A31A53C009805EE /* CharacterViewModel.swift in Sources */ = {isa = PBXBuildFile; fileRef = 2F1E6FFA2A31A53C009805EE /* CharacterViewModel.swift */; };
		2F1E70002A31D885009805EE /* CharacterListView.swift in Sources */ = {isa = PBXBuildFile; fileRef = 2F1E6FFF2A31D885009805EE /* CharacterListView.swift */; };
		2F1E70022A31D8C5009805EE /* CharacterListCell.swift in Sources */ = {isa = PBXBuildFile; fileRef = 2F1E70012A31D8C5009805EE /* CharacterListCell.swift */; };
		2F435D662A327207009BDF79 /* EpisodeScrollview.swift in Sources */ = {isa = PBXBuildFile; fileRef = 2F435D652A327207009BDF79 /* EpisodeScrollview.swift */; };
		2F435D6A2A327B1F009BDF79 /* EpisodeScrollviewCell.swift in Sources */ = {isa = PBXBuildFile; fileRef = 2F435D692A327B1F009BDF79 /* EpisodeScrollviewCell.swift */; };
		2F435D6D2A332791009BDF79 /* RatingView.swift in Sources */ = {isa = PBXBuildFile; fileRef = 2F435D6C2A332791009BDF79 /* RatingView.swift */; };
		2F435D712A333100009BDF79 /* RatingModel.swift in Sources */ = {isa = PBXBuildFile; fileRef = 2F435D702A333100009BDF79 /* RatingModel.swift */; };
		2F7D27EF2A34EA7A003549D2 /* Kingfisher in Frameworks */ = {isa = PBXBuildFile; productRef = 2F7D27EE2A34EA7A003549D2 /* Kingfisher */; };
		2F7D27F12A35B945003549D2 /* CodingUserInfoKey+.swift in Sources */ = {isa = PBXBuildFile; fileRef = 2F7D27F02A35B945003549D2 /* CodingUserInfoKey+.swift */; };
		2F7D27F32A35C9A3003549D2 /* SeriesCharacter.swift in Sources */ = {isa = PBXBuildFile; fileRef = 2F7D27F22A35C9A3003549D2 /* SeriesCharacter.swift */; };
		2F7D27F52A35C9E4003549D2 /* CharacterOrigin.swift in Sources */ = {isa = PBXBuildFile; fileRef = 2F7D27F42A35C9E4003549D2 /* CharacterOrigin.swift */; };
		2F7D27F72A35CA05003549D2 /* CharacterLocation.swift in Sources */ = {isa = PBXBuildFile; fileRef = 2F7D27F62A35CA05003549D2 /* CharacterLocation.swift */; };
		2FCB0C482A36F03100F6BE32 /* CharacterFilteredList.swift in Sources */ = {isa = PBXBuildFile; fileRef = 2FCB0C472A36F03100F6BE32 /* CharacterFilteredList.swift */; };
		2FDF6D052A323B1F00CCBE71 /* EpisodeViewModel.swift in Sources */ = {isa = PBXBuildFile; fileRef = 2FDF6D042A323B1F00CCBE71 /* EpisodeViewModel.swift */; };
		2FDF6D082A323B8700CCBE71 /* LocationViewModel.swift in Sources */ = {isa = PBXBuildFile; fileRef = 2FDF6D072A323B8700CCBE71 /* LocationViewModel.swift */; };
		2FDF6D0A2A323CE300CCBE71 /* CharacterDetailView.swift in Sources */ = {isa = PBXBuildFile; fileRef = 2FDF6D092A323CE300CCBE71 /* CharacterDetailView.swift */; };
		2FDF6D0C2A3252EE00CCBE71 /* UINavigationController+.swift in Sources */ = {isa = PBXBuildFile; fileRef = 2FDF6D0B2A3252EE00CCBE71 /* UINavigationController+.swift */; };
/* End PBXBuildFile section */

/* Begin PBXContainerItemProxy section */
		2F1E6FCE2A30F196009805EE /* PBXContainerItemProxy */ = {
			isa = PBXContainerItemProxy;
			containerPortal = 2F1E6FB02A30F193009805EE /* Project object */;
			proxyType = 1;
			remoteGlobalIDString = 2F1E6FB72A30F193009805EE;
			remoteInfo = RickAndMorty;
		};
		2F1E6FD82A30F196009805EE /* PBXContainerItemProxy */ = {
			isa = PBXContainerItemProxy;
			containerPortal = 2F1E6FB02A30F193009805EE /* Project object */;
			proxyType = 1;
			remoteGlobalIDString = 2F1E6FB72A30F193009805EE;
			remoteInfo = RickAndMorty;
		};
/* End PBXContainerItemProxy section */

/* Begin PBXFileReference section */
		2F1E6FB82A30F193009805EE /* RickAndMorty.app */ = {isa = PBXFileReference; explicitFileType = wrapper.application; includeInIndex = 0; path = RickAndMorty.app; sourceTree = BUILT_PRODUCTS_DIR; };
		2F1E6FBB2A30F193009805EE /* RickAndMortyApp.swift */ = {isa = PBXFileReference; lastKnownFileType = sourcecode.swift; path = RickAndMortyApp.swift; sourceTree = "<group>"; };
		2F1E6FBD2A30F193009805EE /* ContentView.swift */ = {isa = PBXFileReference; lastKnownFileType = sourcecode.swift; path = ContentView.swift; sourceTree = "<group>"; };
		2F1E6FBF2A30F196009805EE /* Assets.xcassets */ = {isa = PBXFileReference; lastKnownFileType = folder.assetcatalog; path = Assets.xcassets; sourceTree = "<group>"; };
		2F1E6FC22A30F196009805EE /* Preview Assets.xcassets */ = {isa = PBXFileReference; lastKnownFileType = folder.assetcatalog; path = "Preview Assets.xcassets"; sourceTree = "<group>"; };
		2F1E6FC42A30F196009805EE /* Persistence.swift */ = {isa = PBXFileReference; lastKnownFileType = sourcecode.swift; path = Persistence.swift; sourceTree = "<group>"; };
		2F1E6FC72A30F196009805EE /* RickAndMorty.xcdatamodel */ = {isa = PBXFileReference; lastKnownFileType = wrapper.xcdatamodel; path = RickAndMorty.xcdatamodel; sourceTree = "<group>"; };
		2F1E6FCD2A30F196009805EE /* RickAndMortyTests.xctest */ = {isa = PBXFileReference; explicitFileType = wrapper.cfbundle; includeInIndex = 0; path = RickAndMortyTests.xctest; sourceTree = BUILT_PRODUCTS_DIR; };
		2F1E6FD12A30F196009805EE /* RickAndMortyTests.swift */ = {isa = PBXFileReference; lastKnownFileType = sourcecode.swift; path = RickAndMortyTests.swift; sourceTree = "<group>"; };
		2F1E6FD72A30F196009805EE /* RickAndMortyUITests.xctest */ = {isa = PBXFileReference; explicitFileType = wrapper.cfbundle; includeInIndex = 0; path = RickAndMortyUITests.xctest; sourceTree = BUILT_PRODUCTS_DIR; };
		2F1E6FDB2A30F196009805EE /* RickAndMortyUITests.swift */ = {isa = PBXFileReference; lastKnownFileType = sourcecode.swift; path = RickAndMortyUITests.swift; sourceTree = "<group>"; };
		2F1E6FDD2A30F196009805EE /* RickAndMortyUITestsLaunchTests.swift */ = {isa = PBXFileReference; lastKnownFileType = sourcecode.swift; path = RickAndMortyUITestsLaunchTests.swift; sourceTree = "<group>"; };
		2F1E6FEE2A30FB9C009805EE /* Endpoints.swift */ = {isa = PBXFileReference; lastKnownFileType = sourcecode.swift; path = Endpoints.swift; sourceTree = "<group>"; };
		2F1E6FF02A31006F009805EE /* CharacterModels.swift */ = {isa = PBXFileReference; lastKnownFileType = sourcecode.swift; path = CharacterModels.swift; sourceTree = "<group>"; };
		2F1E6FF22A3100B8009805EE /* BaseModels.swift */ = {isa = PBXFileReference; lastKnownFileType = sourcecode.swift; path = BaseModels.swift; sourceTree = "<group>"; };
		2F1E6FF42A31011E009805EE /* LocationModels.swift */ = {isa = PBXFileReference; lastKnownFileType = sourcecode.swift; path = LocationModels.swift; sourceTree = "<group>"; };
		2F1E6FF62A310229009805EE /* EpisodeModels.swift */ = {isa = PBXFileReference; lastKnownFileType = sourcecode.swift; path = EpisodeModels.swift; sourceTree = "<group>"; };
		2F1E6FF82A31A1A3009805EE /* API.swift */ = {isa = PBXFileReference; lastKnownFileType = sourcecode.swift; path = API.swift; sourceTree = "<group>"; };
		2F1E6FFA2A31A53C009805EE /* CharacterViewModel.swift */ = {isa = PBXFileReference; lastKnownFileType = sourcecode.swift; path = CharacterViewModel.swift; sourceTree = "<group>"; };
		2F1E6FFF2A31D885009805EE /* CharacterListView.swift */ = {isa = PBXFileReference; lastKnownFileType = sourcecode.swift; path = CharacterListView.swift; sourceTree = "<group>"; };
		2F1E70012A31D8C5009805EE /* CharacterListCell.swift */ = {isa = PBXFileReference; lastKnownFileType = sourcecode.swift; path = CharacterListCell.swift; sourceTree = "<group>"; };
		2F435D652A327207009BDF79 /* EpisodeScrollview.swift */ = {isa = PBXFileReference; lastKnownFileType = sourcecode.swift; path = EpisodeScrollview.swift; sourceTree = "<group>"; };
		2F435D692A327B1F009BDF79 /* EpisodeScrollviewCell.swift */ = {isa = PBXFileReference; lastKnownFileType = sourcecode.swift; path = EpisodeScrollviewCell.swift; sourceTree = "<group>"; };
		2F435D6C2A332791009BDF79 /* RatingView.swift */ = {isa = PBXFileReference; lastKnownFileType = sourcecode.swift; path = RatingView.swift; sourceTree = "<group>"; };
		2F435D702A333100009BDF79 /* RatingModel.swift */ = {isa = PBXFileReference; lastKnownFileType = sourcecode.swift; path = RatingModel.swift; sourceTree = "<group>"; };
		2F7D27F02A35B945003549D2 /* CodingUserInfoKey+.swift */ = {isa = PBXFileReference; lastKnownFileType = sourcecode.swift; path = "CodingUserInfoKey+.swift"; sourceTree = "<group>"; };
		2F7D27F22A35C9A3003549D2 /* SeriesCharacter.swift */ = {isa = PBXFileReference; lastKnownFileType = sourcecode.swift; path = SeriesCharacter.swift; sourceTree = "<group>"; };
		2F7D27F42A35C9E4003549D2 /* CharacterOrigin.swift */ = {isa = PBXFileReference; lastKnownFileType = sourcecode.swift; path = CharacterOrigin.swift; sourceTree = "<group>"; };
		2F7D27F62A35CA05003549D2 /* CharacterLocation.swift */ = {isa = PBXFileReference; lastKnownFileType = sourcecode.swift; path = CharacterLocation.swift; sourceTree = "<group>"; };
		2FCB0C472A36F03100F6BE32 /* CharacterFilteredList.swift */ = {isa = PBXFileReference; lastKnownFileType = sourcecode.swift; path = CharacterFilteredList.swift; sourceTree = "<group>"; };
		2FDF6D042A323B1F00CCBE71 /* EpisodeViewModel.swift */ = {isa = PBXFileReference; lastKnownFileType = sourcecode.swift; path = EpisodeViewModel.swift; sourceTree = "<group>"; };
		2FDF6D072A323B8700CCBE71 /* LocationViewModel.swift */ = {isa = PBXFileReference; lastKnownFileType = sourcecode.swift; path = LocationViewModel.swift; sourceTree = "<group>"; };
		2FDF6D092A323CE300CCBE71 /* CharacterDetailView.swift */ = {isa = PBXFileReference; lastKnownFileType = sourcecode.swift; path = CharacterDetailView.swift; sourceTree = "<group>"; };
		2FDF6D0B2A3252EE00CCBE71 /* UINavigationController+.swift */ = {isa = PBXFileReference; lastKnownFileType = sourcecode.swift; path = "UINavigationController+.swift"; sourceTree = "<group>"; };
/* End PBXFileReference section */

/* Begin PBXFrameworksBuildPhase section */
		2F1E6FB52A30F193009805EE /* Frameworks */ = {
			isa = PBXFrameworksBuildPhase;
			buildActionMask = 2147483647;
			files = (
				2F7D27EF2A34EA7A003549D2 /* Kingfisher in Frameworks */,
			);
			runOnlyForDeploymentPostprocessing = 0;
		};
		2F1E6FCA2A30F196009805EE /* Frameworks */ = {
			isa = PBXFrameworksBuildPhase;
			buildActionMask = 2147483647;
			files = (
			);
			runOnlyForDeploymentPostprocessing = 0;
		};
		2F1E6FD42A30F196009805EE /* Frameworks */ = {
			isa = PBXFrameworksBuildPhase;
			buildActionMask = 2147483647;
			files = (
			);
			runOnlyForDeploymentPostprocessing = 0;
		};
/* End PBXFrameworksBuildPhase section */

/* Begin PBXGroup section */
		2F1E6FAF2A30F193009805EE = {
			isa = PBXGroup;
			children = (
				2F1E6FBA2A30F193009805EE /* RickAndMorty */,
				2F1E6FD02A30F196009805EE /* RickAndMortyTests */,
				2F1E6FDA2A30F196009805EE /* RickAndMortyUITests */,
				2F1E6FB92A30F193009805EE /* Products */,
			);
			sourceTree = "<group>";
		};
		2F1E6FB92A30F193009805EE /* Products */ = {
			isa = PBXGroup;
			children = (
				2F1E6FB82A30F193009805EE /* RickAndMorty.app */,
				2F1E6FCD2A30F196009805EE /* RickAndMortyTests.xctest */,
				2F1E6FD72A30F196009805EE /* RickAndMortyUITests.xctest */,
			);
			name = Products;
			sourceTree = "<group>";
		};
		2F1E6FBA2A30F193009805EE /* RickAndMorty */ = {
			isa = PBXGroup;
			children = (
				2F1E6FED2A30F34A009805EE /* API */,
				2F1E6FEC2A30F342009805EE /* Extensions */,
				2F1E6FEB2A30F33B009805EE /* Models */,
				2F1E6FEA2A30F332009805EE /* Scenes */,
				2F1E6FBB2A30F193009805EE /* RickAndMortyApp.swift */,
				2F1E6FBF2A30F196009805EE /* Assets.xcassets */,
				2F1E6FC12A30F196009805EE /* Preview Content */,
			);
			path = RickAndMorty;
			sourceTree = "<group>";
		};
		2F1E6FC12A30F196009805EE /* Preview Content */ = {
			isa = PBXGroup;
			children = (
				2F1E6FC22A30F196009805EE /* Preview Assets.xcassets */,
			);
			path = "Preview Content";
			sourceTree = "<group>";
		};
		2F1E6FD02A30F196009805EE /* RickAndMortyTests */ = {
			isa = PBXGroup;
			children = (
				2F1E6FD12A30F196009805EE /* RickAndMortyTests.swift */,
			);
			path = RickAndMortyTests;
			sourceTree = "<group>";
		};
		2F1E6FDA2A30F196009805EE /* RickAndMortyUITests */ = {
			isa = PBXGroup;
			children = (
				2F1E6FDB2A30F196009805EE /* RickAndMortyUITests.swift */,
				2F1E6FDD2A30F196009805EE /* RickAndMortyUITestsLaunchTests.swift */,
			);
			path = RickAndMortyUITests;
			sourceTree = "<group>";
		};
		2F1E6FEA2A30F332009805EE /* Scenes */ = {
			isa = PBXGroup;
			children = (
				2F435D6B2A332755009BDF79 /* Components */,
				2FDF6D062A323B7600CCBE71 /* Location */,
				2FDF6D032A323AF900CCBE71 /* Episode */,
				2FDF6D022A323ADF00CCBE71 /* Boilerplate */,
				2FDF6D012A323ACE00CCBE71 /* Character */,
			);
			path = Scenes;
			sourceTree = "<group>";
		};
		2F1E6FEB2A30F33B009805EE /* Models */ = {
			isa = PBXGroup;
			children = (
				2F1E6FC42A30F196009805EE /* Persistence.swift */,
				2F1E6FC62A30F196009805EE /* RickAndMorty.xcdatamodeld */,
				2F435D702A333100009BDF79 /* RatingModel.swift */,
				2F7D27F22A35C9A3003549D2 /* SeriesCharacter.swift */,
				2F7D27F42A35C9E4003549D2 /* CharacterOrigin.swift */,
				2F7D27F62A35CA05003549D2 /* CharacterLocation.swift */,
			);
			path = Models;
			sourceTree = "<group>";
		};
		2F1E6FEC2A30F342009805EE /* Extensions */ = {
			isa = PBXGroup;
			children = (
				2FDF6D0B2A3252EE00CCBE71 /* UINavigationController+.swift */,
				2F7D27F02A35B945003549D2 /* CodingUserInfoKey+.swift */,
			);
			path = Extensions;
			sourceTree = "<group>";
		};
		2F1E6FED2A30F34A009805EE /* API */ = {
			isa = PBXGroup;
			children = (
				2F1E6FF22A3100B8009805EE /* BaseModels.swift */,
				2F1E6FF02A31006F009805EE /* CharacterModels.swift */,
				2F1E6FEE2A30FB9C009805EE /* Endpoints.swift */,
				2F1E6FF62A310229009805EE /* EpisodeModels.swift */,
				2F1E6FF42A31011E009805EE /* LocationModels.swift */,
				2F1E6FF82A31A1A3009805EE /* API.swift */,
			);
			path = API;
			sourceTree = "<group>";
		};
		2F435D6B2A332755009BDF79 /* Components */ = {
			isa = PBXGroup;
			children = (
				2F435D6C2A332791009BDF79 /* RatingView.swift */,
			);
			path = Components;
			sourceTree = "<group>";
		};
		2FDF6D012A323ACE00CCBE71 /* Character */ = {
			isa = PBXGroup;
			children = (
				2FDF6D092A323CE300CCBE71 /* CharacterDetailView.swift */,
				2FCB0C472A36F03100F6BE32 /* CharacterFilteredList.swift */,
				2F1E70012A31D8C5009805EE /* CharacterListCell.swift */,
				2F1E6FFF2A31D885009805EE /* CharacterListView.swift */,
				2F1E6FFA2A31A53C009805EE /* CharacterViewModel.swift */,
			);
			path = Character;
			sourceTree = "<group>";
		};
		2FDF6D022A323ADF00CCBE71 /* Boilerplate */ = {
			isa = PBXGroup;
			children = (
				2F1E6FBD2A30F193009805EE /* ContentView.swift */,
			);
			path = Boilerplate;
			sourceTree = "<group>";
		};
		2FDF6D032A323AF900CCBE71 /* Episode */ = {
			isa = PBXGroup;
			children = (
				2FDF6D042A323B1F00CCBE71 /* EpisodeViewModel.swift */,
				2F435D652A327207009BDF79 /* EpisodeScrollview.swift */,
				2F435D692A327B1F009BDF79 /* EpisodeScrollviewCell.swift */,
			);
			path = Episode;
			sourceTree = "<group>";
		};
		2FDF6D062A323B7600CCBE71 /* Location */ = {
			isa = PBXGroup;
			children = (
				2FDF6D072A323B8700CCBE71 /* LocationViewModel.swift */,
			);
			path = Location;
			sourceTree = "<group>";
		};
/* End PBXGroup section */

/* Begin PBXNativeTarget section */
		2F1E6FB72A30F193009805EE /* RickAndMorty */ = {
			isa = PBXNativeTarget;
			buildConfigurationList = 2F1E6FE12A30F196009805EE /* Build configuration list for PBXNativeTarget "RickAndMorty" */;
			buildPhases = (
				2F1E6FB42A30F193009805EE /* Sources */,
				2F1E6FB52A30F193009805EE /* Frameworks */,
				2F1E6FB62A30F193009805EE /* Resources */,
			);
			buildRules = (
			);
			dependencies = (
			);
			name = RickAndMorty;
			packageProductDependencies = (
				2F7D27EE2A34EA7A003549D2 /* Kingfisher */,
			);
			productName = RickAndMorty;
			productReference = 2F1E6FB82A30F193009805EE /* RickAndMorty.app */;
			productType = "com.apple.product-type.application";
		};
		2F1E6FCC2A30F196009805EE /* RickAndMortyTests */ = {
			isa = PBXNativeTarget;
			buildConfigurationList = 2F1E6FE42A30F196009805EE /* Build configuration list for PBXNativeTarget "RickAndMortyTests" */;
			buildPhases = (
				2F1E6FC92A30F196009805EE /* Sources */,
				2F1E6FCA2A30F196009805EE /* Frameworks */,
				2F1E6FCB2A30F196009805EE /* Resources */,
			);
			buildRules = (
			);
			dependencies = (
				2F1E6FCF2A30F196009805EE /* PBXTargetDependency */,
			);
			name = RickAndMortyTests;
			productName = RickAndMortyTests;
			productReference = 2F1E6FCD2A30F196009805EE /* RickAndMortyTests.xctest */;
			productType = "com.apple.product-type.bundle.unit-test";
		};
		2F1E6FD62A30F196009805EE /* RickAndMortyUITests */ = {
			isa = PBXNativeTarget;
			buildConfigurationList = 2F1E6FE72A30F196009805EE /* Build configuration list for PBXNativeTarget "RickAndMortyUITests" */;
			buildPhases = (
				2F1E6FD32A30F196009805EE /* Sources */,
				2F1E6FD42A30F196009805EE /* Frameworks */,
				2F1E6FD52A30F196009805EE /* Resources */,
			);
			buildRules = (
			);
			dependencies = (
				2F1E6FD92A30F196009805EE /* PBXTargetDependency */,
			);
			name = RickAndMortyUITests;
			productName = RickAndMortyUITests;
			productReference = 2F1E6FD72A30F196009805EE /* RickAndMortyUITests.xctest */;
			productType = "com.apple.product-type.bundle.ui-testing";
		};
/* End PBXNativeTarget section */

/* Begin PBXProject section */
		2F1E6FB02A30F193009805EE /* Project object */ = {
			isa = PBXProject;
			attributes = {
				BuildIndependentTargetsInParallel = 1;
				LastSwiftUpdateCheck = 1430;
				LastUpgradeCheck = 1430;
				TargetAttributes = {
					2F1E6FB72A30F193009805EE = {
						CreatedOnToolsVersion = 14.3.1;
					};
					2F1E6FCC2A30F196009805EE = {
						CreatedOnToolsVersion = 14.3.1;
						TestTargetID = 2F1E6FB72A30F193009805EE;
					};
					2F1E6FD62A30F196009805EE = {
						CreatedOnToolsVersion = 14.3.1;
						TestTargetID = 2F1E6FB72A30F193009805EE;
					};
				};
			};
			buildConfigurationList = 2F1E6FB32A30F193009805EE /* Build configuration list for PBXProject "RickAndMorty" */;
			compatibilityVersion = "Xcode 14.0";
			developmentRegion = en;
			hasScannedForEncodings = 0;
			knownRegions = (
				en,
				Base,
			);
			mainGroup = 2F1E6FAF2A30F193009805EE;
			packageReferences = (
				2F7D27ED2A34EA7A003549D2 /* XCRemoteSwiftPackageReference "Kingfisher" */,
			);
			productRefGroup = 2F1E6FB92A30F193009805EE /* Products */;
			projectDirPath = "";
			projectRoot = "";
			targets = (
				2F1E6FB72A30F193009805EE /* RickAndMorty */,
				2F1E6FCC2A30F196009805EE /* RickAndMortyTests */,
				2F1E6FD62A30F196009805EE /* RickAndMortyUITests */,
			);
		};
/* End PBXProject section */

/* Begin PBXResourcesBuildPhase section */
		2F1E6FB62A30F193009805EE /* Resources */ = {
			isa = PBXResourcesBuildPhase;
			buildActionMask = 2147483647;
			files = (
				2F1E6FC32A30F196009805EE /* Preview Assets.xcassets in Resources */,
				2F1E6FC02A30F196009805EE /* Assets.xcassets in Resources */,
			);
			runOnlyForDeploymentPostprocessing = 0;
		};
		2F1E6FCB2A30F196009805EE /* Resources */ = {
			isa = PBXResourcesBuildPhase;
			buildActionMask = 2147483647;
			files = (
			);
			runOnlyForDeploymentPostprocessing = 0;
		};
		2F1E6FD52A30F196009805EE /* Resources */ = {
			isa = PBXResourcesBuildPhase;
			buildActionMask = 2147483647;
			files = (
			);
			runOnlyForDeploymentPostprocessing = 0;
		};
/* End PBXResourcesBuildPhase section */

/* Begin PBXSourcesBuildPhase section */
		2F1E6FB42A30F193009805EE /* Sources */ = {
			isa = PBXSourcesBuildPhase;
			buildActionMask = 2147483647;
			files = (
				2F7D27F32A35C9A3003549D2 /* SeriesCharacter.swift in Sources */,
				2FDF6D0C2A3252EE00CCBE71 /* UINavigationController+.swift in Sources */,
				2F1E6FC82A30F196009805EE /* RickAndMorty.xcdatamodeld in Sources */,
				2F1E6FF72A310229009805EE /* EpisodeModels.swift in Sources */,
				2F435D6D2A332791009BDF79 /* RatingView.swift in Sources */,
				2FDF6D052A323B1F00CCBE71 /* EpisodeViewModel.swift in Sources */,
				2F1E6FC52A30F196009805EE /* Persistence.swift in Sources */,
				2F7D27F12A35B945003549D2 /* CodingUserInfoKey+.swift in Sources */,
				2F1E6FBE2A30F193009805EE /* ContentView.swift in Sources */,
				2F1E6FF92A31A1A3009805EE /* API.swift in Sources */,
				2F1E6FBC2A30F193009805EE /* RickAndMortyApp.swift in Sources */,
				2F1E70002A31D885009805EE /* CharacterListView.swift in Sources */,
				2F1E6FF52A31011E009805EE /* LocationModels.swift in Sources */,
				2F7D27F52A35C9E4003549D2 /* CharacterOrigin.swift in Sources */,
				2F1E6FFB2A31A53C009805EE /* CharacterViewModel.swift in Sources */,
				2F1E6FEF2A30FB9C009805EE /* Endpoints.swift in Sources */,
				2F1E70022A31D8C5009805EE /* CharacterListCell.swift in Sources */,
				2F7D27F72A35CA05003549D2 /* CharacterLocation.swift in Sources */,
				2F1E6FF12A31006F009805EE /* CharacterModels.swift in Sources */,
				2FDF6D082A323B8700CCBE71 /* LocationViewModel.swift in Sources */,
				2FCB0C482A36F03100F6BE32 /* CharacterFilteredList.swift in Sources */,
				2F435D6A2A327B1F009BDF79 /* EpisodeScrollviewCell.swift in Sources */,
				2F435D662A327207009BDF79 /* EpisodeScrollview.swift in Sources */,
				2F435D712A333100009BDF79 /* RatingModel.swift in Sources */,
				2F1E6FF32A3100B8009805EE /* BaseModels.swift in Sources */,
				2FDF6D0A2A323CE300CCBE71 /* CharacterDetailView.swift in Sources */,
			);
			runOnlyForDeploymentPostprocessing = 0;
		};
		2F1E6FC92A30F196009805EE /* Sources */ = {
			isa = PBXSourcesBuildPhase;
			buildActionMask = 2147483647;
			files = (
				2F1E6FD22A30F196009805EE /* RickAndMortyTests.swift in Sources */,
			);
			runOnlyForDeploymentPostprocessing = 0;
		};
		2F1E6FD32A30F196009805EE /* Sources */ = {
			isa = PBXSourcesBuildPhase;
			buildActionMask = 2147483647;
			files = (
				2F1E6FDC2A30F196009805EE /* RickAndMortyUITests.swift in Sources */,
				2F1E6FDE2A30F196009805EE /* RickAndMortyUITestsLaunchTests.swift in Sources */,
			);
			runOnlyForDeploymentPostprocessing = 0;
		};
/* End PBXSourcesBuildPhase section */

/* Begin PBXTargetDependency section */
		2F1E6FCF2A30F196009805EE /* PBXTargetDependency */ = {
			isa = PBXTargetDependency;
			target = 2F1E6FB72A30F193009805EE /* RickAndMorty */;
			targetProxy = 2F1E6FCE2A30F196009805EE /* PBXContainerItemProxy */;
		};
		2F1E6FD92A30F196009805EE /* PBXTargetDependency */ = {
			isa = PBXTargetDependency;
			target = 2F1E6FB72A30F193009805EE /* RickAndMorty */;
			targetProxy = 2F1E6FD82A30F196009805EE /* PBXContainerItemProxy */;
		};
/* End PBXTargetDependency section */

/* Begin XCBuildConfiguration section */
		2F1E6FDF2A30F196009805EE /* Debug */ = {
			isa = XCBuildConfiguration;
			buildSettings = {
				ALWAYS_SEARCH_USER_PATHS = NO;
				CLANG_ANALYZER_NONNULL = YES;
				CLANG_ANALYZER_NUMBER_OBJECT_CONVERSION = YES_AGGRESSIVE;
				CLANG_CXX_LANGUAGE_STANDARD = "gnu++20";
				CLANG_ENABLE_MODULES = YES;
				CLANG_ENABLE_OBJC_ARC = YES;
				CLANG_ENABLE_OBJC_WEAK = YES;
				CLANG_WARN_BLOCK_CAPTURE_AUTORELEASING = YES;
				CLANG_WARN_BOOL_CONVERSION = YES;
				CLANG_WARN_COMMA = YES;
				CLANG_WARN_CONSTANT_CONVERSION = YES;
				CLANG_WARN_DEPRECATED_OBJC_IMPLEMENTATIONS = YES;
				CLANG_WARN_DIRECT_OBJC_ISA_USAGE = YES_ERROR;
				CLANG_WARN_DOCUMENTATION_COMMENTS = YES;
				CLANG_WARN_EMPTY_BODY = YES;
				CLANG_WARN_ENUM_CONVERSION = YES;
				CLANG_WARN_INFINITE_RECURSION = YES;
				CLANG_WARN_INT_CONVERSION = YES;
				CLANG_WARN_NON_LITERAL_NULL_CONVERSION = YES;
				CLANG_WARN_OBJC_IMPLICIT_RETAIN_SELF = YES;
				CLANG_WARN_OBJC_LITERAL_CONVERSION = YES;
				CLANG_WARN_OBJC_ROOT_CLASS = YES_ERROR;
				CLANG_WARN_QUOTED_INCLUDE_IN_FRAMEWORK_HEADER = YES;
				CLANG_WARN_RANGE_LOOP_ANALYSIS = YES;
				CLANG_WARN_STRICT_PROTOTYPES = YES;
				CLANG_WARN_SUSPICIOUS_MOVE = YES;
				CLANG_WARN_UNGUARDED_AVAILABILITY = YES_AGGRESSIVE;
				CLANG_WARN_UNREACHABLE_CODE = YES;
				CLANG_WARN__DUPLICATE_METHOD_MATCH = YES;
				COPY_PHASE_STRIP = NO;
				DEBUG_INFORMATION_FORMAT = dwarf;
				ENABLE_STRICT_OBJC_MSGSEND = YES;
				ENABLE_TESTABILITY = YES;
				GCC_C_LANGUAGE_STANDARD = gnu11;
				GCC_DYNAMIC_NO_PIC = NO;
				GCC_NO_COMMON_BLOCKS = YES;
				GCC_OPTIMIZATION_LEVEL = 0;
				GCC_PREPROCESSOR_DEFINITIONS = (
					"DEBUG=1",
					"$(inherited)",
				);
				GCC_WARN_64_TO_32_BIT_CONVERSION = YES;
				GCC_WARN_ABOUT_RETURN_TYPE = YES_ERROR;
				GCC_WARN_UNDECLARED_SELECTOR = YES;
				GCC_WARN_UNINITIALIZED_AUTOS = YES_AGGRESSIVE;
				GCC_WARN_UNUSED_FUNCTION = YES;
				GCC_WARN_UNUSED_VARIABLE = YES;
				IPHONEOS_DEPLOYMENT_TARGET = 16.4;
				MTL_ENABLE_DEBUG_INFO = INCLUDE_SOURCE;
				MTL_FAST_MATH = YES;
				ONLY_ACTIVE_ARCH = YES;
				SDKROOT = iphoneos;
				SWIFT_ACTIVE_COMPILATION_CONDITIONS = DEBUG;
				SWIFT_OPTIMIZATION_LEVEL = "-Onone";
			};
			name = Debug;
		};
		2F1E6FE02A30F196009805EE /* Release */ = {
			isa = XCBuildConfiguration;
			buildSettings = {
				ALWAYS_SEARCH_USER_PATHS = NO;
				CLANG_ANALYZER_NONNULL = YES;
				CLANG_ANALYZER_NUMBER_OBJECT_CONVERSION = YES_AGGRESSIVE;
				CLANG_CXX_LANGUAGE_STANDARD = "gnu++20";
				CLANG_ENABLE_MODULES = YES;
				CLANG_ENABLE_OBJC_ARC = YES;
				CLANG_ENABLE_OBJC_WEAK = YES;
				CLANG_WARN_BLOCK_CAPTURE_AUTORELEASING = YES;
				CLANG_WARN_BOOL_CONVERSION = YES;
				CLANG_WARN_COMMA = YES;
				CLANG_WARN_CONSTANT_CONVERSION = YES;
				CLANG_WARN_DEPRECATED_OBJC_IMPLEMENTATIONS = YES;
				CLANG_WARN_DIRECT_OBJC_ISA_USAGE = YES_ERROR;
				CLANG_WARN_DOCUMENTATION_COMMENTS = YES;
				CLANG_WARN_EMPTY_BODY = YES;
				CLANG_WARN_ENUM_CONVERSION = YES;
				CLANG_WARN_INFINITE_RECURSION = YES;
				CLANG_WARN_INT_CONVERSION = YES;
				CLANG_WARN_NON_LITERAL_NULL_CONVERSION = YES;
				CLANG_WARN_OBJC_IMPLICIT_RETAIN_SELF = YES;
				CLANG_WARN_OBJC_LITERAL_CONVERSION = YES;
				CLANG_WARN_OBJC_ROOT_CLASS = YES_ERROR;
				CLANG_WARN_QUOTED_INCLUDE_IN_FRAMEWORK_HEADER = YES;
				CLANG_WARN_RANGE_LOOP_ANALYSIS = YES;
				CLANG_WARN_STRICT_PROTOTYPES = YES;
				CLANG_WARN_SUSPICIOUS_MOVE = YES;
				CLANG_WARN_UNGUARDED_AVAILABILITY = YES_AGGRESSIVE;
				CLANG_WARN_UNREACHABLE_CODE = YES;
				CLANG_WARN__DUPLICATE_METHOD_MATCH = YES;
				COPY_PHASE_STRIP = NO;
				DEBUG_INFORMATION_FORMAT = "dwarf-with-dsym";
				ENABLE_NS_ASSERTIONS = NO;
				ENABLE_STRICT_OBJC_MSGSEND = YES;
				GCC_C_LANGUAGE_STANDARD = gnu11;
				GCC_NO_COMMON_BLOCKS = YES;
				GCC_WARN_64_TO_32_BIT_CONVERSION = YES;
				GCC_WARN_ABOUT_RETURN_TYPE = YES_ERROR;
				GCC_WARN_UNDECLARED_SELECTOR = YES;
				GCC_WARN_UNINITIALIZED_AUTOS = YES_AGGRESSIVE;
				GCC_WARN_UNUSED_FUNCTION = YES;
				GCC_WARN_UNUSED_VARIABLE = YES;
				IPHONEOS_DEPLOYMENT_TARGET = 16.4;
				MTL_ENABLE_DEBUG_INFO = NO;
				MTL_FAST_MATH = YES;
				SDKROOT = iphoneos;
				SWIFT_COMPILATION_MODE = wholemodule;
				SWIFT_OPTIMIZATION_LEVEL = "-O";
				VALIDATE_PRODUCT = YES;
			};
			name = Release;
		};
		2F1E6FE22A30F196009805EE /* Debug */ = {
			isa = XCBuildConfiguration;
			buildSettings = {
				ASSETCATALOG_COMPILER_APPICON_NAME = AppIcon;
				ASSETCATALOG_COMPILER_GLOBAL_ACCENT_COLOR_NAME = AccentColor;
				CODE_SIGN_STYLE = Automatic;
				CURRENT_PROJECT_VERSION = 1;
				DEVELOPMENT_ASSET_PATHS = "\"RickAndMorty/Preview Content\"";
				DEVELOPMENT_TEAM = 3G54NEN3F6;
				ENABLE_PREVIEWS = YES;
				GENERATE_INFOPLIST_FILE = YES;
				INFOPLIST_KEY_CFBundleDisplayName = "Rick & Morty";
				INFOPLIST_KEY_UIApplicationSceneManifest_Generation = YES;
				INFOPLIST_KEY_UIApplicationSupportsIndirectInputEvents = YES;
				INFOPLIST_KEY_UILaunchScreen_Generation = YES;
				INFOPLIST_KEY_UIRequiresFullScreen = YES;
				INFOPLIST_KEY_UISupportedInterfaceOrientations = UIInterfaceOrientationPortrait;
				LD_RUNPATH_SEARCH_PATHS = (
					"$(inherited)",
					"@executable_path/Frameworks",
				);
				MARKETING_VERSION = 1.0;
				PRODUCT_BUNDLE_IDENTIFIER = digital.marine.RickAndMorty;
				PRODUCT_NAME = "$(TARGET_NAME)";
				SWIFT_EMIT_LOC_STRINGS = YES;
				SWIFT_VERSION = 5.0;
				TARGETED_DEVICE_FAMILY = "1,2";
			};
			name = Debug;
		};
		2F1E6FE32A30F196009805EE /* Release */ = {
			isa = XCBuildConfiguration;
			buildSettings = {
				ASSETCATALOG_COMPILER_APPICON_NAME = AppIcon;
				ASSETCATALOG_COMPILER_GLOBAL_ACCENT_COLOR_NAME = AccentColor;
				CODE_SIGN_STYLE = Automatic;
				CURRENT_PROJECT_VERSION = 1;
				DEVELOPMENT_ASSET_PATHS = "\"RickAndMorty/Preview Content\"";
				DEVELOPMENT_TEAM = 3G54NEN3F6;
				ENABLE_PREVIEWS = YES;
				GENERATE_INFOPLIST_FILE = YES;
				INFOPLIST_KEY_CFBundleDisplayName = "Rick & Morty";
				INFOPLIST_KEY_UIApplicationSceneManifest_Generation = YES;
				INFOPLIST_KEY_UIApplicationSupportsIndirectInputEvents = YES;
				INFOPLIST_KEY_UILaunchScreen_Generation = YES;
				INFOPLIST_KEY_UIRequiresFullScreen = YES;
				INFOPLIST_KEY_UISupportedInterfaceOrientations = UIInterfaceOrientationPortrait;
				LD_RUNPATH_SEARCH_PATHS = (
					"$(inherited)",
					"@executable_path/Frameworks",
				);
				MARKETING_VERSION = 1.0;
				PRODUCT_BUNDLE_IDENTIFIER = digital.marine.RickAndMorty;
				PRODUCT_NAME = "$(TARGET_NAME)";
				SWIFT_EMIT_LOC_STRINGS = YES;
				SWIFT_VERSION = 5.0;
				TARGETED_DEVICE_FAMILY = "1,2";
			};
			name = Release;
		};
		2F1E6FE52A30F196009805EE /* Debug */ = {
			isa = XCBuildConfiguration;
			buildSettings = {
				ALWAYS_EMBED_SWIFT_STANDARD_LIBRARIES = YES;
				BUNDLE_LOADER = "$(TEST_HOST)";
				CODE_SIGN_STYLE = Automatic;
				CURRENT_PROJECT_VERSION = 1;
				DEVELOPMENT_TEAM = 3G54NEN3F6;
				GENERATE_INFOPLIST_FILE = YES;
				IPHONEOS_DEPLOYMENT_TARGET = 16.4;
				MARKETING_VERSION = 1.0;
				PRODUCT_BUNDLE_IDENTIFIER = digital.marine.RickAndMortyTests;
				PRODUCT_NAME = "$(TARGET_NAME)";
				SWIFT_EMIT_LOC_STRINGS = NO;
				SWIFT_VERSION = 5.0;
				TARGETED_DEVICE_FAMILY = "1,2";
				TEST_HOST = "$(BUILT_PRODUCTS_DIR)/RickAndMorty.app/$(BUNDLE_EXECUTABLE_FOLDER_PATH)/RickAndMorty";
			};
			name = Debug;
		};
		2F1E6FE62A30F196009805EE /* Release */ = {
			isa = XCBuildConfiguration;
			buildSettings = {
				ALWAYS_EMBED_SWIFT_STANDARD_LIBRARIES = YES;
				BUNDLE_LOADER = "$(TEST_HOST)";
				CODE_SIGN_STYLE = Automatic;
				CURRENT_PROJECT_VERSION = 1;
				DEVELOPMENT_TEAM = 3G54NEN3F6;
				GENERATE_INFOPLIST_FILE = YES;
				IPHONEOS_DEPLOYMENT_TARGET = 16.4;
				MARKETING_VERSION = 1.0;
				PRODUCT_BUNDLE_IDENTIFIER = digital.marine.RickAndMortyTests;
				PRODUCT_NAME = "$(TARGET_NAME)";
				SWIFT_EMIT_LOC_STRINGS = NO;
				SWIFT_VERSION = 5.0;
				TARGETED_DEVICE_FAMILY = "1,2";
				TEST_HOST = "$(BUILT_PRODUCTS_DIR)/RickAndMorty.app/$(BUNDLE_EXECUTABLE_FOLDER_PATH)/RickAndMorty";
			};
			name = Release;
		};
		2F1E6FE82A30F196009805EE /* Debug */ = {
			isa = XCBuildConfiguration;
			buildSettings = {
				ALWAYS_EMBED_SWIFT_STANDARD_LIBRARIES = YES;
				CODE_SIGN_STYLE = Automatic;
				CURRENT_PROJECT_VERSION = 1;
				DEVELOPMENT_TEAM = 3G54NEN3F6;
				GENERATE_INFOPLIST_FILE = YES;
				MARKETING_VERSION = 1.0;
				PRODUCT_BUNDLE_IDENTIFIER = digital.marine.RickAndMortyUITests;
				PRODUCT_NAME = "$(TARGET_NAME)";
				SWIFT_EMIT_LOC_STRINGS = NO;
				SWIFT_VERSION = 5.0;
				TARGETED_DEVICE_FAMILY = "1,2";
				TEST_TARGET_NAME = RickAndMorty;
			};
			name = Debug;
		};
		2F1E6FE92A30F196009805EE /* Release */ = {
			isa = XCBuildConfiguration;
			buildSettings = {
				ALWAYS_EMBED_SWIFT_STANDARD_LIBRARIES = YES;
				CODE_SIGN_STYLE = Automatic;
				CURRENT_PROJECT_VERSION = 1;
				DEVELOPMENT_TEAM = 3G54NEN3F6;
				GENERATE_INFOPLIST_FILE = YES;
				MARKETING_VERSION = 1.0;
				PRODUCT_BUNDLE_IDENTIFIER = digital.marine.RickAndMortyUITests;
				PRODUCT_NAME = "$(TARGET_NAME)";
				SWIFT_EMIT_LOC_STRINGS = NO;
				SWIFT_VERSION = 5.0;
				TARGETED_DEVICE_FAMILY = "1,2";
				TEST_TARGET_NAME = RickAndMorty;
			};
			name = Release;
		};
/* End XCBuildConfiguration section */

/* Begin XCConfigurationList section */
		2F1E6FB32A30F193009805EE /* Build configuration list for PBXProject "RickAndMorty" */ = {
			isa = XCConfigurationList;
			buildConfigurations = (
				2F1E6FDF2A30F196009805EE /* Debug */,
				2F1E6FE02A30F196009805EE /* Release */,
			);
			defaultConfigurationIsVisible = 0;
			defaultConfigurationName = Release;
		};
		2F1E6FE12A30F196009805EE /* Build configuration list for PBXNativeTarget "RickAndMorty" */ = {
			isa = XCConfigurationList;
			buildConfigurations = (
				2F1E6FE22A30F196009805EE /* Debug */,
				2F1E6FE32A30F196009805EE /* Release */,
			);
			defaultConfigurationIsVisible = 0;
			defaultConfigurationName = Release;
		};
		2F1E6FE42A30F196009805EE /* Build configuration list for PBXNativeTarget "RickAndMortyTests" */ = {
			isa = XCConfigurationList;
			buildConfigurations = (
				2F1E6FE52A30F196009805EE /* Debug */,
				2F1E6FE62A30F196009805EE /* Release */,
			);
			defaultConfigurationIsVisible = 0;
			defaultConfigurationName = Release;
		};
		2F1E6FE72A30F196009805EE /* Build configuration list for PBXNativeTarget "RickAndMortyUITests" */ = {
			isa = XCConfigurationList;
			buildConfigurations = (
				2F1E6FE82A30F196009805EE /* Debug */,
				2F1E6FE92A30F196009805EE /* Release */,
			);
			defaultConfigurationIsVisible = 0;
			defaultConfigurationName = Release;
		};
/* End XCConfigurationList section */

/* Begin XCRemoteSwiftPackageReference section */
		2F7D27ED2A34EA7A003549D2 /* XCRemoteSwiftPackageReference "Kingfisher" */ = {
			isa = XCRemoteSwiftPackageReference;
			repositoryURL = "https://github.com/onevcat/Kingfisher";
			requirement = {
				kind = upToNextMajorVersion;
				minimumVersion = 7.0.0;
			};
		};
/* End XCRemoteSwiftPackageReference section */

/* Begin XCSwiftPackageProductDependency section */
		2F7D27EE2A34EA7A003549D2 /* Kingfisher */ = {
			isa = XCSwiftPackageProductDependency;
			package = 2F7D27ED2A34EA7A003549D2 /* XCRemoteSwiftPackageReference "Kingfisher" */;
			productName = Kingfisher;
		};
/* End XCSwiftPackageProductDependency section */

/* Begin XCVersionGroup section */
		2F1E6FC62A30F196009805EE /* RickAndMorty.xcdatamodeld */ = {
			isa = XCVersionGroup;
			children = (
				2F1E6FC72A30F196009805EE /* RickAndMorty.xcdatamodel */,
			);
			currentVersion = 2F1E6FC72A30F196009805EE /* RickAndMorty.xcdatamodel */;
			path = RickAndMorty.xcdatamodeld;
			sourceTree = "<group>";
			versionGroupType = wrapper.xcdatamodel;
		};
/* End XCVersionGroup section */
	};
	rootObject = 2F1E6FB02A30F193009805EE /* Project object */;
}
